
Microsoft Visual Studio Solution File, Format Version 12.00
Project("{FAE04EC0-301F-11D3-BF4B-00C04F79EFBC}") = "Blazoratory.Demo", "src\apps\demo\Blazoratory.Demo.csproj", "{7AF94A77-9DF0-4693-8868-E5E9B7B67334}"
EndProject
Global
	GlobalSection(SolutionConfigurationPlatforms) = preSolution
		Debug|Any CPU = Debug|Any CPU
		Release|Any CPU = Release|Any CPU
	EndGlobalSection
	GlobalSection(ProjectConfigurationPlatforms) = postSolution
		{7AF94A77-9DF0-4693-8868-E5E9B7B67334}.Debug|Any CPU.ActiveCfg = Debug|Any CPU
		{7AF94A77-9DF0-4693-8868-E5E9B7B67334}.Debug|Any CPU.Build.0 = Debug|Any CPU
		{7AF94A77-9DF0-4693-8868-E5E9B7B67334}.Release|Any CPU.ActiveCfg = Release|Any CPU
		{7AF94A77-9DF0-4693-8868-E5E9B7B67334}.Release|Any CPU.Build.0 = Release|Any CPU
	EndGlobalSection
EndGlobal
